
Microsoft Visual Studio Solution File, Format Version 12.00
# Visual Studio Version 16
VisualStudioVersion = 16.0.29926.136
MinimumVisualStudioVersion = 10.0.40219.1
Project("{FAE04EC0-301F-11D3-BF4B-00C04F79EFBC}") = "WpfApp2", "WpfApp2\WpfApp2.csproj", "{35EC233F-E015-4D80-B72F-061854CC201D}"
EndProject
Global
	GlobalSection(SolutionConfigurationPlatforms) = preSolution
		Debug|Any CPU = Debug|Any CPU
		Release|Any CPU = Release|Any CPU
	EndGlobalSection
	GlobalSection(ProjectConfigurationPlatforms) = postSolution
		{35EC233F-E015-4D80-B72F-061854CC201D}.Debug|Any CPU.ActiveCfg = Debug|Any CPU
		{35EC233F-E015-4D80-B72F-061854CC201D}.Debug|Any CPU.Build.0 = Debug|Any CPU
		{35EC233F-E015-4D80-B72F-061854CC201D}.Release|Any CPU.ActiveCfg = Release|Any CPU
		{35EC233F-E015-4D80-B72F-061854CC201D}.Release|Any CPU.Build.0 = Release|Any CPU
	EndGlobalSection
	GlobalSection(SolutionProperties) = preSolution
		HideSolutionNode = FALSE
	EndGlobalSection
	GlobalSection(ExtensibilityGlobals) = postSolution
		SolutionGuid = {70375FEB-4D84-4541-8E21-75B1A018E885}
	EndGlobalSection
EndGlobal
