
Microsoft Visual Studio Solution File, Format Version 12.00
# Visual Studio 15
VisualStudioVersion = 15.0.28307.329
MinimumVisualStudioVersion = 10.0.40219.1
Project("{FAE04EC0-301F-11D3-BF4B-00C04F79EFBC}") = "ConsoleApp2", "ConsoleApp2\ConsoleApp2.csproj", "{BF838526-9900-40A5-BAA0-1B025E819D03}"
EndProject
Global
	GlobalSection(SolutionConfigurationPlatforms) = preSolution
		Debug|Any CPU = Debug|Any CPU
		Release|Any CPU = Release|Any CPU
	EndGlobalSection
	GlobalSection(ProjectConfigurationPlatforms) = postSolution
		{BF838526-9900-40A5-BAA0-1B025E819D03}.Debug|Any CPU.ActiveCfg = Debug|Any CPU
		{BF838526-9900-40A5-BAA0-1B025E819D03}.Debug|Any CPU.Build.0 = Debug|Any CPU
		{BF838526-9900-40A5-BAA0-1B025E819D03}.Release|Any CPU.ActiveCfg = Release|Any CPU
		{BF838526-9900-40A5-BAA0-1B025E819D03}.Release|Any CPU.Build.0 = Release|Any CPU
	EndGlobalSection
	GlobalSection(SolutionProperties) = preSolution
		HideSolutionNode = FALSE
	EndGlobalSection
	GlobalSection(ExtensibilityGlobals) = postSolution
		SolutionGuid = {54AF13FC-0B9F-4229-A886-C34372A92171}
	EndGlobalSection
EndGlobal
