
Microsoft Visual Studio Solution File, Format Version 12.00
# Visual Studio Version 16
VisualStudioVersion = 16.0.29403.142
MinimumVisualStudioVersion = 10.0.40219.1
Project("{FAE04EC0-301F-11D3-BF4B-00C04F79EFBC}") = "MovieConverter", "MovieConverter\MovieConverter.csproj", "{2E60D767-2575-4929-890C-33DBC3C94EE0}"
EndProject
Global
	GlobalSection(SolutionConfigurationPlatforms) = preSolution
		Debug|Any CPU = Debug|Any CPU
		Release|Any CPU = Release|Any CPU
	EndGlobalSection
	GlobalSection(ProjectConfigurationPlatforms) = postSolution
		{2E60D767-2575-4929-890C-33DBC3C94EE0}.Debug|Any CPU.ActiveCfg = Debug|Any CPU
		{2E60D767-2575-4929-890C-33DBC3C94EE0}.Debug|Any CPU.Build.0 = Debug|Any CPU
		{2E60D767-2575-4929-890C-33DBC3C94EE0}.Release|Any CPU.ActiveCfg = Release|Any CPU
		{2E60D767-2575-4929-890C-33DBC3C94EE0}.Release|Any CPU.Build.0 = Release|Any CPU
	EndGlobalSection
	GlobalSection(SolutionProperties) = preSolution
		HideSolutionNode = FALSE
	EndGlobalSection
	GlobalSection(ExtensibilityGlobals) = postSolution
		SolutionGuid = {6ABBF1FA-8F3A-43E9-ADFB-D8900A3B4398}
	EndGlobalSection
EndGlobal
