
Microsoft Visual Studio Solution File, Format Version 12.00
# Visual Studio 15
VisualStudioVersion = 15.0.28307.329
MinimumVisualStudioVersion = 10.0.40219.1
Project("{FAE04EC0-301F-11D3-BF4B-00C04F79EFBC}") = "ConsoleApp4", "ConsoleApp4\ConsoleApp4.csproj", "{2B25BA34-A498-4CBE-83D6-A99F92DF7DF5}"
EndProject
Global
	GlobalSection(SolutionConfigurationPlatforms) = preSolution
		Debug|Any CPU = Debug|Any CPU
		Release|Any CPU = Release|Any CPU
	EndGlobalSection
	GlobalSection(ProjectConfigurationPlatforms) = postSolution
		{2B25BA34-A498-4CBE-83D6-A99F92DF7DF5}.Debug|Any CPU.ActiveCfg = Debug|Any CPU
		{2B25BA34-A498-4CBE-83D6-A99F92DF7DF5}.Debug|Any CPU.Build.0 = Debug|Any CPU
		{2B25BA34-A498-4CBE-83D6-A99F92DF7DF5}.Release|Any CPU.ActiveCfg = Release|Any CPU
		{2B25BA34-A498-4CBE-83D6-A99F92DF7DF5}.Release|Any CPU.Build.0 = Release|Any CPU
	EndGlobalSection
	GlobalSection(SolutionProperties) = preSolution
		HideSolutionNode = FALSE
	EndGlobalSection
	GlobalSection(ExtensibilityGlobals) = postSolution
		SolutionGuid = {1EDBEE38-1371-4127-9BFC-AF6C10A24BE0}
	EndGlobalSection
EndGlobal
